
Microsoft Visual Studio Solution File, Format Version 12.00
# Visual Studio Version 17
VisualStudioVersion = 17.5.33530.505
MinimumVisualStudioVersion = 10.0.40219.1
Project("{FAE04EC0-301F-11D3-BF4B-00C04F79EFBC}") = "First App", "First App\First App.csproj", "{1C81DFD3-575B-4858-94B3-0ABACD5F7CE1}"
EndProject
Project("{FAE04EC0-301F-11D3-BF4B-00C04F79EFBC}") = "test app", "test app\test app.csproj", "{024FE125-98D2-4E5D-ABE9-8C803199834B}"
EndProject
Global
	GlobalSection(SolutionConfigurationPlatforms) = preSolution
		Debug|Any CPU = Debug|Any CPU
		Release|Any CPU = Release|Any CPU
	EndGlobalSection
	GlobalSection(ProjectConfigurationPlatforms) = postSolution
		{1C81DFD3-575B-4858-94B3-0ABACD5F7CE1}.Debug|Any CPU.ActiveCfg = Debug|Any CPU
		{1C81DFD3-575B-4858-94B3-0ABACD5F7CE1}.Debug|Any CPU.Build.0 = Debug|Any CPU
		{1C81DFD3-575B-4858-94B3-0ABACD5F7CE1}.Release|Any CPU.ActiveCfg = Release|Any CPU
		{1C81DFD3-575B-4858-94B3-0ABACD5F7CE1}.Release|Any CPU.Build.0 = Release|Any CPU
		{024FE125-98D2-4E5D-ABE9-8C803199834B}.Debug|Any CPU.ActiveCfg = Debug|Any CPU
		{024FE125-98D2-4E5D-ABE9-8C803199834B}.Debug|Any CPU.Build.0 = Debug|Any CPU
		{024FE125-98D2-4E5D-ABE9-8C803199834B}.Release|Any CPU.ActiveCfg = Release|Any CPU
		{024FE125-98D2-4E5D-ABE9-8C803199834B}.Release|Any CPU.Build.0 = Release|Any CPU
	EndGlobalSection
	GlobalSection(SolutionProperties) = preSolution
		HideSolutionNode = FALSE
	EndGlobalSection
	GlobalSection(ExtensibilityGlobals) = postSolution
		SolutionGuid = {0AE3D5A7-3A9E-4AE1-94FF-F0311A522DEF}
	EndGlobalSection
EndGlobal
